// !$*UTF8*$!
{
	archiveVersion = 1;
	classes = {
	};
	objectVersion = 46;
	objects = {

/* Begin PBXBuildFile section */
		1F1BC48D19A28A7900C70582 /* Main_iPhone.storyboard in Resources */ = {isa = PBXBuildFile; fileRef = 1F1BC48C19A28A7900C70582 /* Main_iPhone.storyboard */; };
		1F52B86919A24C5900B9C7CA /* ContextHub.framework in Frameworks */ = {isa = PBXBuildFile; fileRef = 1F52B86819A24C5900B9C7CA /* ContextHub.framework */; };
		1F6A757719A23EE60002214F /* Foundation.framework in Frameworks */ = {isa = PBXBuildFile; fileRef = 1F6A757619A23EE60002214F /* Foundation.framework */; };
		1F6A757919A23EE60002214F /* CoreGraphics.framework in Frameworks */ = {isa = PBXBuildFile; fileRef = 1F6A757819A23EE60002214F /* CoreGraphics.framework */; };
		1F6A757B19A23EE60002214F /* UIKit.framework in Frameworks */ = {isa = PBXBuildFile; fileRef = 1F6A757A19A23EE60002214F /* UIKit.framework */; };
		1F6A758119A23EE60002214F /* InfoPlist.strings in Resources */ = {isa = PBXBuildFile; fileRef = 1F6A757F19A23EE60002214F /* InfoPlist.strings */; };
		1F6A758319A23EE60002214F /* main.m in Sources */ = {isa = PBXBuildFile; fileRef = 1F6A758219A23EE60002214F /* main.m */; };
		1F6A758719A23EE60002214F /* AWNAppDelegate.m in Sources */ = {isa = PBXBuildFile; fileRef = 1F6A758619A23EE60002214F /* AWNAppDelegate.m */; };
		1F6A758919A23EE60002214F /* Images.xcassets in Resources */ = {isa = PBXBuildFile; fileRef = 1F6A758819A23EE60002214F /* Images.xcassets */; };
		1F6A759019A23EE60002214F /* XCTest.framework in Frameworks */ = {isa = PBXBuildFile; fileRef = 1F6A758F19A23EE60002214F /* XCTest.framework */; };
		1F6A759119A23EE60002214F /* Foundation.framework in Frameworks */ = {isa = PBXBuildFile; fileRef = 1F6A757619A23EE60002214F /* Foundation.framework */; };
		1F6A759219A23EE60002214F /* UIKit.framework in Frameworks */ = {isa = PBXBuildFile; fileRef = 1F6A757A19A23EE60002214F /* UIKit.framework */; };
		1F6A759A19A23EE70002214F /* InfoPlist.strings in Resources */ = {isa = PBXBuildFile; fileRef = 1F6A759819A23EE70002214F /* InfoPlist.strings */; };
		1F6A759C19A23EE70002214F /* AwarenessTests.m in Sources */ = {isa = PBXBuildFile; fileRef = 1F6A759B19A23EE70002214F /* AwarenessTests.m */; };
		1F702B3519AD0C9A00ABDB0D /* AWNPushObjectTableViewController.m in Sources */ = {isa = PBXBuildFile; fileRef = 1F702B3419AD0C9A00ABDB0D /* AWNPushObjectTableViewController.m */; };
		1FCA7D0419AB662900EDD2C5 /* CoreMotion.framework in Frameworks */ = {isa = PBXBuildFile; fileRef = 1FCA7D0319AB662900EDD2C5 /* CoreMotion.framework */; };
		1FCA7D0619AB663100EDD2C5 /* MobileCoreServices.framework in Frameworks */ = {isa = PBXBuildFile; fileRef = 1FCA7D0519AB663100EDD2C5 /* MobileCoreServices.framework */; };
		1FCA7D0819AB663700EDD2C5 /* CoreLocation.framework in Frameworks */ = {isa = PBXBuildFile; fileRef = 1FCA7D0719AB663700EDD2C5 /* CoreLocation.framework */; };
		1FCA7D0E19AB672500EDD2C5 /* AWNTabBarController.m in Sources */ = {isa = PBXBuildFile; fileRef = 1FCA7D0D19AB672500EDD2C5 /* AWNTabBarController.m */; };
		1FCA7D1319AB672D00EDD2C5 /* AWNAboutTableViewController.m in Sources */ = {isa = PBXBuildFile; fileRef = 1FCA7D1019AB672D00EDD2C5 /* AWNAboutTableViewController.m */; };
		1FCA7D1419AB672D00EDD2C5 /* AWNContextObjectTableViewController.m in Sources */ = {isa = PBXBuildFile; fileRef = 1FCA7D1219AB672D00EDD2C5 /* AWNContextObjectTableViewController.m */; };
		1FCA7D1819AB762F00EDD2C5 /* AWNBeaconObjectTableViewController.m in Sources */ = {isa = PBXBuildFile; fileRef = 1FCA7D1719AB762F00EDD2C5 /* AWNBeaconObjectTableViewController.m */; };
		1FCA7D1E19ABA99400EDD2C5 /* AWNGeofenceObjectTableViewController.m in Sources */ = {isa = PBXBuildFile; fileRef = 1FCA7D1C19ABA99400EDD2C5 /* AWNGeofenceObjectTableViewController.m */; };
		1FCA7D2119ABC5F200EDD2C5 /* AWNVaultObjectTableViewController.m in Sources */ = {isa = PBXBuildFile; fileRef = 1FCA7D2019ABC5F200EDD2C5 /* AWNVaultObjectTableViewController.m */; };
/* End PBXBuildFile section */

/* Begin PBXContainerItemProxy section */
		1F6A759319A23EE60002214F /* PBXContainerItemProxy */ = {
			isa = PBXContainerItemProxy;
			containerPortal = 1F6A756B19A23EE60002214F /* Project object */;
			proxyType = 1;
			remoteGlobalIDString = 1F6A757219A23EE60002214F;
			remoteInfo = Awareness;
		};
/* End PBXContainerItemProxy section */

/* Begin PBXFileReference section */
		1F1BC48B19A289D300C70582 /* AWNConstants.h */ = {isa = PBXFileReference; lastKnownFileType = sourcecode.c.h; path = AWNConstants.h; sourceTree = "<group>"; };
		1F1BC48C19A28A7900C70582 /* Main_iPhone.storyboard */ = {isa = PBXFileReference; fileEncoding = 4; lastKnownFileType = file.storyboard; path = Main_iPhone.storyboard; sourceTree = "<group>"; };
		1F52B86219A24C4D00B9C7CA /* LICENSE */ = {isa = PBXFileReference; fileEncoding = 4; lastKnownFileType = text; path = LICENSE; sourceTree = "<group>"; };
		1F52B86319A24C4D00B9C7CA /* README.md */ = {isa = PBXFileReference; fileEncoding = 4; lastKnownFileType = text; path = README.md; sourceTree = "<group>"; };
		1F52B86419A24C4D00B9C7CA /* release_notes.md */ = {isa = PBXFileReference; fileEncoding = 4; lastKnownFileType = text; path = release_notes.md; sourceTree = "<group>"; };
		1F52B86819A24C5900B9C7CA /* ContextHub.framework */ = {isa = PBXFileReference; lastKnownFileType = wrapper.framework; path = ContextHub.framework; sourceTree = "<group>"; };
		1F52B86A19A24FE900B9C7CA /* beacon_event.js */ = {isa = PBXFileReference; lastKnownFileType = sourcecode.javascript; name = beacon_event.js; path = Contexts/beacon_event.js; sourceTree = "<group>"; };
		1F52B86B19A24FE900B9C7CA /* console_event.js */ = {isa = PBXFileReference; lastKnownFileType = sourcecode.javascript; name = console_event.js; path = Contexts/console_event.js; sourceTree = "<group>"; };
		1F52B86C19A24FE900B9C7CA /* event_event.js */ = {isa = PBXFileReference; lastKnownFileType = sourcecode.javascript; name = event_event.js; path = Contexts/event_event.js; sourceTree = "<group>"; };
		1F52B86D19A24FE900B9C7CA /* geofence_event.js */ = {isa = PBXFileReference; lastKnownFileType = sourcecode.javascript; name = geofence_event.js; path = Contexts/geofence_event.js; sourceTree = "<group>"; };
		1F52B86E19A24FE900B9C7CA /* http_event.js */ = {isa = PBXFileReference; lastKnownFileType = sourcecode.javascript; name = http_event.js; path = Contexts/http_event.js; sourceTree = "<group>"; };
		1F52B86F19A24FE900B9C7CA /* push_event.js */ = {isa = PBXFileReference; lastKnownFileType = sourcecode.javascript; name = push_event.js; path = Contexts/push_event.js; sourceTree = "<group>"; };
		1F52B87019A24FE900B9C7CA /* vault_event.js */ = {isa = PBXFileReference; lastKnownFileType = sourcecode.javascript; name = vault_event.js; path = Contexts/vault_event.js; sourceTree = "<group>"; };
		1F6A757319A23EE60002214F /* Awareness.app */ = {isa = PBXFileReference; explicitFileType = wrapper.application; includeInIndex = 0; path = Awareness.app; sourceTree = BUILT_PRODUCTS_DIR; };
		1F6A757619A23EE60002214F /* Foundation.framework */ = {isa = PBXFileReference; lastKnownFileType = wrapper.framework; name = Foundation.framework; path = System/Library/Frameworks/Foundation.framework; sourceTree = SDKROOT; };
		1F6A757819A23EE60002214F /* CoreGraphics.framework */ = {isa = PBXFileReference; lastKnownFileType = wrapper.framework; name = CoreGraphics.framework; path = System/Library/Frameworks/CoreGraphics.framework; sourceTree = SDKROOT; };
		1F6A757A19A23EE60002214F /* UIKit.framework */ = {isa = PBXFileReference; lastKnownFileType = wrapper.framework; name = UIKit.framework; path = System/Library/Frameworks/UIKit.framework; sourceTree = SDKROOT; };
		1F6A757E19A23EE60002214F /* Awareness-Info.plist */ = {isa = PBXFileReference; lastKnownFileType = text.plist.xml; path = "Awareness-Info.plist"; sourceTree = "<group>"; };
		1F6A758019A23EE60002214F /* en */ = {isa = PBXFileReference; lastKnownFileType = text.plist.strings; name = en; path = en.lproj/InfoPlist.strings; sourceTree = "<group>"; };
		1F6A758219A23EE60002214F /* main.m */ = {isa = PBXFileReference; lastKnownFileType = sourcecode.c.objc; path = main.m; sourceTree = "<group>"; };
		1F6A758419A23EE60002214F /* Awareness-Prefix.pch */ = {isa = PBXFileReference; lastKnownFileType = sourcecode.c.h; path = "Awareness-Prefix.pch"; sourceTree = "<group>"; };
		1F6A758519A23EE60002214F /* AWNAppDelegate.h */ = {isa = PBXFileReference; lastKnownFileType = sourcecode.c.h; path = AWNAppDelegate.h; sourceTree = "<group>"; };
		1F6A758619A23EE60002214F /* AWNAppDelegate.m */ = {isa = PBXFileReference; lastKnownFileType = sourcecode.c.objc; path = AWNAppDelegate.m; sourceTree = "<group>"; };
		1F6A758819A23EE60002214F /* Images.xcassets */ = {isa = PBXFileReference; lastKnownFileType = folder.assetcatalog; path = Images.xcassets; sourceTree = "<group>"; };
		1F6A758E19A23EE60002214F /* AwarenessTests.xctest */ = {isa = PBXFileReference; explicitFileType = wrapper.cfbundle; includeInIndex = 0; path = AwarenessTests.xctest; sourceTree = BUILT_PRODUCTS_DIR; };
		1F6A758F19A23EE60002214F /* XCTest.framework */ = {isa = PBXFileReference; lastKnownFileType = wrapper.framework; name = XCTest.framework; path = Library/Frameworks/XCTest.framework; sourceTree = DEVELOPER_DIR; };
		1F6A759719A23EE70002214F /* AwarenessTests-Info.plist */ = {isa = PBXFileReference; lastKnownFileType = text.plist.xml; path = "AwarenessTests-Info.plist"; sourceTree = "<group>"; };
		1F6A759919A23EE70002214F /* en */ = {isa = PBXFileReference; lastKnownFileType = text.plist.strings; name = en; path = en.lproj/InfoPlist.strings; sourceTree = "<group>"; };
		1F6A759B19A23EE70002214F /* AwarenessTests.m */ = {isa = PBXFileReference; lastKnownFileType = sourcecode.c.objc; path = AwarenessTests.m; sourceTree = "<group>"; };
		1F702B3319AD0C9A00ABDB0D /* AWNPushObjectTableViewController.h */ = {isa = PBXFileReference; fileEncoding = 4; lastKnownFileType = sourcecode.c.h; name = AWNPushObjectTableViewController.h; path = "View Controllers/Tabs/Context Objects/AWNPushObjectTableViewController.h"; sourceTree = "<group>"; };
		1F702B3419AD0C9A00ABDB0D /* AWNPushObjectTableViewController.m */ = {isa = PBXFileReference; fileEncoding = 4; lastKnownFileType = sourcecode.c.objc; name = AWNPushObjectTableViewController.m; path = "View Controllers/Tabs/Context Objects/AWNPushObjectTableViewController.m"; sourceTree = "<group>"; };
		1F8BFB5419AE3ED1008314F1 /* tick.js */ = {isa = PBXFileReference; lastKnownFileType = sourcecode.javascript; name = tick.js; path = Contexts/tick.js; sourceTree = "<group>"; };
		1FCA7D0319AB662900EDD2C5 /* CoreMotion.framework */ = {isa = PBXFileReference; lastKnownFileType = wrapper.framework; name = CoreMotion.framework; path = System/Library/Frameworks/CoreMotion.framework; sourceTree = SDKROOT; };
		1FCA7D0519AB663100EDD2C5 /* MobileCoreServices.framework */ = {isa = PBXFileReference; lastKnownFileType = wrapper.framework; name = MobileCoreServices.framework; path = System/Library/Frameworks/MobileCoreServices.framework; sourceTree = SDKROOT; };
		1FCA7D0719AB663700EDD2C5 /* CoreLocation.framework */ = {isa = PBXFileReference; lastKnownFileType = wrapper.framework; name = CoreLocation.framework; path = System/Library/Frameworks/CoreLocation.framework; sourceTree = SDKROOT; };
		1FCA7D0C19AB672500EDD2C5 /* AWNTabBarController.h */ = {isa = PBXFileReference; fileEncoding = 4; lastKnownFileType = sourcecode.c.h; name = AWNTabBarController.h; path = "View Controllers/AWNTabBarController.h"; sourceTree = "<group>"; };
		1FCA7D0D19AB672500EDD2C5 /* AWNTabBarController.m */ = {isa = PBXFileReference; fileEncoding = 4; lastKnownFileType = sourcecode.c.objc; name = AWNTabBarController.m; path = "View Controllers/AWNTabBarController.m"; sourceTree = "<group>"; };
		1FCA7D0F19AB672D00EDD2C5 /* AWNAboutTableViewController.h */ = {isa = PBXFileReference; fileEncoding = 4; lastKnownFileType = sourcecode.c.h; name = AWNAboutTableViewController.h; path = "View Controllers/Tabs/AWNAboutTableViewController.h"; sourceTree = "<group>"; };
		1FCA7D1019AB672D00EDD2C5 /* AWNAboutTableViewController.m */ = {isa = PBXFileReference; fileEncoding = 4; lastKnownFileType = sourcecode.c.objc; name = AWNAboutTableViewController.m; path = "View Controllers/Tabs/AWNAboutTableViewController.m"; sourceTree = "<group>"; };
		1FCA7D1119AB672D00EDD2C5 /* AWNContextObjectTableViewController.h */ = {isa = PBXFileReference; fileEncoding = 4; lastKnownFileType = sourcecode.c.h; name = AWNContextObjectTableViewController.h; path = "View Controllers/Tabs/AWNContextObjectTableViewController.h"; sourceTree = "<group>"; };
		1FCA7D1219AB672D00EDD2C5 /* AWNContextObjectTableViewController.m */ = {isa = PBXFileReference; fileEncoding = 4; lastKnownFileType = sourcecode.c.objc; name = AWNContextObjectTableViewController.m; path = "View Controllers/Tabs/AWNContextObjectTableViewController.m"; sourceTree = "<group>"; };
		1FCA7D1619AB762F00EDD2C5 /* AWNBeaconObjectTableViewController.h */ = {isa = PBXFileReference; fileEncoding = 4; lastKnownFileType = sourcecode.c.h; name = AWNBeaconObjectTableViewController.h; path = "View Controllers/Tabs/Context Objects/AWNBeaconObjectTableViewController.h"; sourceTree = "<group>"; };
		1FCA7D1719AB762F00EDD2C5 /* AWNBeaconObjectTableViewController.m */ = {isa = PBXFileReference; fileEncoding = 4; lastKnownFileType = sourcecode.c.objc; name = AWNBeaconObjectTableViewController.m; path = "View Controllers/Tabs/Context Objects/AWNBeaconObjectTableViewController.m"; sourceTree = "<group>"; };
		1FCA7D1C19ABA99400EDD2C5 /* AWNGeofenceObjectTableViewController.m */ = {isa = PBXFileReference; fileEncoding = 4; lastKnownFileType = sourcecode.c.objc; name = AWNGeofenceObjectTableViewController.m; path = "View Controllers/Tabs/Context Objects/AWNGeofenceObjectTableViewController.m"; sourceTree = "<group>"; };
		1FCA7D1D19ABA99400EDD2C5 /* AWNGeofenceObjectTableViewController.h */ = {isa = PBXFileReference; fileEncoding = 4; lastKnownFileType = sourcecode.c.h; name = AWNGeofenceObjectTableViewController.h; path = "View Controllers/Tabs/Context Objects/AWNGeofenceObjectTableViewController.h"; sourceTree = "<group>"; };
		1FCA7D1F19ABC5F200EDD2C5 /* AWNVaultObjectTableViewController.h */ = {isa = PBXFileReference; fileEncoding = 4; lastKnownFileType = sourcecode.c.h; name = AWNVaultObjectTableViewController.h; path = "View Controllers/Tabs/Context Objects/AWNVaultObjectTableViewController.h"; sourceTree = "<group>"; };
		1FCA7D2019ABC5F200EDD2C5 /* AWNVaultObjectTableViewController.m */ = {isa = PBXFileReference; fileEncoding = 4; lastKnownFileType = sourcecode.c.objc; name = AWNVaultObjectTableViewController.m; path = "View Controllers/Tabs/Context Objects/AWNVaultObjectTableViewController.m"; sourceTree = "<group>"; };
/* End PBXFileReference section */

/* Begin PBXFrameworksBuildPhase section */
		1F6A757019A23EE60002214F /* Frameworks */ = {
			isa = PBXFrameworksBuildPhase;
			buildActionMask = 2147483647;
			files = (
				1FCA7D0819AB663700EDD2C5 /* CoreLocation.framework in Frameworks */,
				1FCA7D0619AB663100EDD2C5 /* MobileCoreServices.framework in Frameworks */,
				1FCA7D0419AB662900EDD2C5 /* CoreMotion.framework in Frameworks */,
				1F52B86919A24C5900B9C7CA /* ContextHub.framework in Frameworks */,
				1F6A757919A23EE60002214F /* CoreGraphics.framework in Frameworks */,
				1F6A757B19A23EE60002214F /* UIKit.framework in Frameworks */,
				1F6A757719A23EE60002214F /* Foundation.framework in Frameworks */,
			);
			runOnlyForDeploymentPostprocessing = 0;
		};
		1F6A758B19A23EE60002214F /* Frameworks */ = {
			isa = PBXFrameworksBuildPhase;
			buildActionMask = 2147483647;
			files = (
				1F6A759019A23EE60002214F /* XCTest.framework in Frameworks */,
				1F6A759219A23EE60002214F /* UIKit.framework in Frameworks */,
				1F6A759119A23EE60002214F /* Foundation.framework in Frameworks */,
			);
			runOnlyForDeploymentPostprocessing = 0;
		};
/* End PBXFrameworksBuildPhase section */

/* Begin PBXGroup section */
		1F1BC48E19A28AA100C70582 /* View Controllers */ = {
			isa = PBXGroup;
			children = (
				1FCA7D0B19AB671C00EDD2C5 /* Tabs */,
				1FCA7D0C19AB672500EDD2C5 /* AWNTabBarController.h */,
				1FCA7D0D19AB672500EDD2C5 /* AWNTabBarController.m */,
			);
			name = "View Controllers";
			sourceTree = "<group>";
		};
		1F6A756A19A23EE60002214F = {
			isa = PBXGroup;
			children = (
				1F6A757C19A23EE60002214F /* Awareness */,
				1F6A759519A23EE60002214F /* AwarenessTests */,
				1F6A75AD19A2486C0002214F /* Contexts */,
				1F6A757519A23EE60002214F /* Frameworks */,
				1F6A757419A23EE60002214F /* Products */,
				1F8BFB5519AE55AC008314F1 /* README */,
				1F52B86319A24C4D00B9C7CA /* README.md */,
				1F52B86419A24C4D00B9C7CA /* release_notes.md */,
				1F52B86219A24C4D00B9C7CA /* LICENSE */,
			);
			sourceTree = "<group>";
		};
		1F6A757419A23EE60002214F /* Products */ = {
			isa = PBXGroup;
			children = (
				1F6A757319A23EE60002214F /* Awareness.app */,
				1F6A758E19A23EE60002214F /* AwarenessTests.xctest */,
			);
			name = Products;
			sourceTree = "<group>";
		};
		1F6A757519A23EE60002214F /* Frameworks */ = {
			isa = PBXGroup;
			children = (
				1F52B86819A24C5900B9C7CA /* ContextHub.framework */,
				1F6A757819A23EE60002214F /* CoreGraphics.framework */,
				1FCA7D0719AB663700EDD2C5 /* CoreLocation.framework */,
				1FCA7D0319AB662900EDD2C5 /* CoreMotion.framework */,
				1F6A757619A23EE60002214F /* Foundation.framework */,
				1FCA7D0519AB663100EDD2C5 /* MobileCoreServices.framework */,
				1F6A757A19A23EE60002214F /* UIKit.framework */,
				1F6A758F19A23EE60002214F /* XCTest.framework */,
			);
			name = Frameworks;
			sourceTree = "<group>";
		};
		1F6A757C19A23EE60002214F /* Awareness */ = {
			isa = PBXGroup;
			children = (
				1FCA7D0A19AB664A00EDD2C5 /* Models */,
				1FCA7D0919AB664500EDD2C5 /* Views */,
				1F1BC48E19A28AA100C70582 /* View Controllers */,
				1F6A758519A23EE60002214F /* AWNAppDelegate.h */,
				1F6A758619A23EE60002214F /* AWNAppDelegate.m */,
				1F1BC48B19A289D300C70582 /* AWNConstants.h */,
				1F6A758819A23EE60002214F /* Images.xcassets */,
				1F1BC48C19A28A7900C70582 /* Main_iPhone.storyboard */,
				1F6A757D19A23EE60002214F /* Supporting Files */,
			);
			path = Awareness;
			sourceTree = "<group>";
		};
		1F6A757D19A23EE60002214F /* Supporting Files */ = {
			isa = PBXGroup;
			children = (
				1F6A757E19A23EE60002214F /* Awareness-Info.plist */,
				1F6A757F19A23EE60002214F /* InfoPlist.strings */,
				1F6A758219A23EE60002214F /* main.m */,
				1F6A758419A23EE60002214F /* Awareness-Prefix.pch */,
			);
			name = "Supporting Files";
			sourceTree = "<group>";
		};
		1F6A759519A23EE60002214F /* AwarenessTests */ = {
			isa = PBXGroup;
			children = (
				1F6A759B19A23EE70002214F /* AwarenessTests.m */,
				1F6A759619A23EE70002214F /* Supporting Files */,
			);
			path = AwarenessTests;
			sourceTree = "<group>";
		};
		1F6A759619A23EE70002214F /* Supporting Files */ = {
			isa = PBXGroup;
			children = (
				1F6A759719A23EE70002214F /* AwarenessTests-Info.plist */,
				1F6A759819A23EE70002214F /* InfoPlist.strings */,
			);
			name = "Supporting Files";
			sourceTree = "<group>";
		};
		1F6A75AD19A2486C0002214F /* Contexts */ = {
			isa = PBXGroup;
			children = (
				1F52B86A19A24FE900B9C7CA /* beacon_event.js */,
				1F52B86B19A24FE900B9C7CA /* console_event.js */,
				1F52B86C19A24FE900B9C7CA /* event_event.js */,
				1F52B86D19A24FE900B9C7CA /* geofence_event.js */,
				1F52B86E19A24FE900B9C7CA /* http_event.js */,
				1F52B86F19A24FE900B9C7CA /* push_event.js */,
				1F8BFB5419AE3ED1008314F1 /* tick.js */,
				1F52B87019A24FE900B9C7CA /* vault_event.js */,
			);
			name = Contexts;
			sourceTree = "<group>";
		};
		1F8BFB5519AE55AC008314F1 /* README */ = {
			isa = PBXGroup;
			children = (
			);
			name = README;
			sourceTree = "<group>";
		};
		1FCA7D0919AB664500EDD2C5 /* Views */ = {
			isa = PBXGroup;
			children = (
			);
			name = Views;
			sourceTree = "<group>";
		};
		1FCA7D0A19AB664A00EDD2C5 /* Models */ = {
			isa = PBXGroup;
			children = (
			);
			name = Models;
			sourceTree = "<group>";
		};
		1FCA7D0B19AB671C00EDD2C5 /* Tabs */ = {
			isa = PBXGroup;
			children = (
				1FCA7D1519AB75E000EDD2C5 /* Context Objects */,
				1FCA7D0F19AB672D00EDD2C5 /* AWNAboutTableViewController.h */,
				1FCA7D1019AB672D00EDD2C5 /* AWNAboutTableViewController.m */,
				1FCA7D1119AB672D00EDD2C5 /* AWNContextObjectTableViewController.h */,
				1FCA7D1219AB672D00EDD2C5 /* AWNContextObjectTableViewController.m */,
			);
			name = Tabs;
			sourceTree = "<group>";
		};
		1FCA7D1519AB75E000EDD2C5 /* Context Objects */ = {
			isa = PBXGroup;
			children = (
				1FCA7D1619AB762F00EDD2C5 /* AWNBeaconObjectTableViewController.h */,
				1FCA7D1719AB762F00EDD2C5 /* AWNBeaconObjectTableViewController.m */,
				1FCA7D1D19ABA99400EDD2C5 /* AWNGeofenceObjectTableViewController.h */,
				1FCA7D1C19ABA99400EDD2C5 /* AWNGeofenceObjectTableViewController.m */,
				1F702B3319AD0C9A00ABDB0D /* AWNPushObjectTableViewController.h */,
				1F702B3419AD0C9A00ABDB0D /* AWNPushObjectTableViewController.m */,
				1FCA7D1F19ABC5F200EDD2C5 /* AWNVaultObjectTableViewController.h */,
				1FCA7D2019ABC5F200EDD2C5 /* AWNVaultObjectTableViewController.m */,
			);
			name = "Context Objects";
			sourceTree = "<group>";
		};
/* End PBXGroup section */

/* Begin PBXNativeTarget section */
		1F6A757219A23EE60002214F /* Awareness */ = {
			isa = PBXNativeTarget;
			buildConfigurationList = 1F6A759F19A23EE70002214F /* Build configuration list for PBXNativeTarget "Awareness" */;
			buildPhases = (
				1F6A756F19A23EE60002214F /* Sources */,
				1F6A757019A23EE60002214F /* Frameworks */,
				1F6A75AE19A2492E0002214F /* ShellScript */,
				1F6A757119A23EE60002214F /* Resources */,
			);
			buildRules = (
			);
			dependencies = (
			);
			name = Awareness;
			productName = Awareness;
			productReference = 1F6A757319A23EE60002214F /* Awareness.app */;
			productType = "com.apple.product-type.application";
		};
		1F6A758D19A23EE60002214F /* AwarenessTests */ = {
			isa = PBXNativeTarget;
			buildConfigurationList = 1F6A75A219A23EE70002214F /* Build configuration list for PBXNativeTarget "AwarenessTests" */;
			buildPhases = (
				1F6A758A19A23EE60002214F /* Sources */,
				1F6A758B19A23EE60002214F /* Frameworks */,
				1F6A758C19A23EE60002214F /* Resources */,
			);
			buildRules = (
			);
			dependencies = (
				1F6A759419A23EE60002214F /* PBXTargetDependency */,
			);
			name = AwarenessTests;
			productName = AwarenessTests;
			productReference = 1F6A758E19A23EE60002214F /* AwarenessTests.xctest */;
			productType = "com.apple.product-type.bundle.unit-test";
		};
/* End PBXNativeTarget section */

/* Begin PBXProject section */
		1F6A756B19A23EE60002214F /* Project object */ = {
			isa = PBXProject;
			attributes = {
				CLASSPREFIX = AWN;
				LastUpgradeCheck = 0510;
				ORGANIZATIONNAME = ChaiOne;
				TargetAttributes = {
					1F6A757219A23EE60002214F = {
						DevelopmentTeam = G54H62625F;
						SystemCapabilities = {
							com.apple.BackgroundModes = {
								enabled = 1;
							};
						};
					};
					1F6A758D19A23EE60002214F = {
						TestTargetID = 1F6A757219A23EE60002214F;
					};
				};
			};
			buildConfigurationList = 1F6A756E19A23EE60002214F /* Build configuration list for PBXProject "Awareness" */;
			compatibilityVersion = "Xcode 3.2";
			developmentRegion = English;
			hasScannedForEncodings = 0;
			knownRegions = (
				en,
			);
			mainGroup = 1F6A756A19A23EE60002214F;
			productRefGroup = 1F6A757419A23EE60002214F /* Products */;
			projectDirPath = "";
			projectRoot = "";
			targets = (
				1F6A757219A23EE60002214F /* Awareness */,
				1F6A758D19A23EE60002214F /* AwarenessTests */,
			);
		};
/* End PBXProject section */

/* Begin PBXResourcesBuildPhase section */
		1F6A757119A23EE60002214F /* Resources */ = {
			isa = PBXResourcesBuildPhase;
			buildActionMask = 2147483647;
			files = (
				1F6A758119A23EE60002214F /* InfoPlist.strings in Resources */,
				1F1BC48D19A28A7900C70582 /* Main_iPhone.storyboard in Resources */,
				1F6A758919A23EE60002214F /* Images.xcassets in Resources */,
			);
			runOnlyForDeploymentPostprocessing = 0;
		};
		1F6A758C19A23EE60002214F /* Resources */ = {
			isa = PBXResourcesBuildPhase;
			buildActionMask = 2147483647;
			files = (
				1F6A759A19A23EE70002214F /* InfoPlist.strings in Resources */,
			);
			runOnlyForDeploymentPostprocessing = 0;
		};
/* End PBXResourcesBuildPhase section */

/* Begin PBXShellScriptBuildPhase section */
		1F6A75AE19A2492E0002214F /* ShellScript */ = {
			isa = PBXShellScriptBuildPhase;
			buildActionMask = 2147483647;
			files = (
			);
			inputPaths = (
			);
			outputPaths = (
			);
			runOnlyForDeploymentPostprocessing = 0;
			shellPath = /bin/sh;
			shellScript = "#!/bin/bash\nbuildNumber=$(/usr/libexec/PlistBuddy -c \"Print CFBundleVersion\" \"$INFOPLIST_FILE\")\nbuildNumber=$(($buildNumber + 1))\n/usr/libexec/PlistBuddy -c \"Set :CFBundleVersion $buildNumber\" \"$INFOPLIST_FILE\"";
		};
/* End PBXShellScriptBuildPhase section */

/* Begin PBXSourcesBuildPhase section */
		1F6A756F19A23EE60002214F /* Sources */ = {
			isa = PBXSourcesBuildPhase;
			buildActionMask = 2147483647;
			files = (
				1FCA7D1319AB672D00EDD2C5 /* AWNAboutTableViewController.m in Sources */,
				1FCA7D1E19ABA99400EDD2C5 /* AWNGeofenceObjectTableViewController.m in Sources */,
				1F6A758319A23EE60002214F /* main.m in Sources */,
				1FCA7D0E19AB672500EDD2C5 /* AWNTabBarController.m in Sources */,
				1F6A758719A23EE60002214F /* AWNAppDelegate.m in Sources */,
				1FCA7D1419AB672D00EDD2C5 /* AWNContextObjectTableViewController.m in Sources */,
				1FCA7D2119ABC5F200EDD2C5 /* AWNVaultObjectTableViewController.m in Sources */,
				1FCA7D1819AB762F00EDD2C5 /* AWNBeaconObjectTableViewController.m in Sources */,
				1F702B3519AD0C9A00ABDB0D /* AWNPushObjectTableViewController.m in Sources */,
			);
			runOnlyForDeploymentPostprocessing = 0;
		};
		1F6A758A19A23EE60002214F /* Sources */ = {
			isa = PBXSourcesBuildPhase;
			buildActionMask = 2147483647;
			files = (
				1F6A759C19A23EE70002214F /* AwarenessTests.m in Sources */,
			);
			runOnlyForDeploymentPostprocessing = 0;
		};
/* End PBXSourcesBuildPhase section */

/* Begin PBXTargetDependency section */
		1F6A759419A23EE60002214F /* PBXTargetDependency */ = {
			isa = PBXTargetDependency;
			target = 1F6A757219A23EE60002214F /* Awareness */;
			targetProxy = 1F6A759319A23EE60002214F /* PBXContainerItemProxy */;
		};
/* End PBXTargetDependency section */

/* Begin PBXVariantGroup section */
		1F6A757F19A23EE60002214F /* InfoPlist.strings */ = {
			isa = PBXVariantGroup;
			children = (
				1F6A758019A23EE60002214F /* en */,
			);
			name = InfoPlist.strings;
			sourceTree = "<group>";
		};
		1F6A759819A23EE70002214F /* InfoPlist.strings */ = {
			isa = PBXVariantGroup;
			children = (
				1F6A759919A23EE70002214F /* en */,
			);
			name = InfoPlist.strings;
			sourceTree = "<group>";
		};
/* End PBXVariantGroup section */

/* Begin XCBuildConfiguration section */
		1F6A759D19A23EE70002214F /* Debug */ = {
			isa = XCBuildConfiguration;
			buildSettings = {
				ALWAYS_SEARCH_USER_PATHS = NO;
				CLANG_CXX_LANGUAGE_STANDARD = "gnu++0x";
				CLANG_CXX_LIBRARY = "libc++";
				CLANG_ENABLE_MODULES = YES;
				CLANG_ENABLE_OBJC_ARC = YES;
				CLANG_WARN_BOOL_CONVERSION = YES;
				CLANG_WARN_CONSTANT_CONVERSION = YES;
				CLANG_WARN_DIRECT_OBJC_ISA_USAGE = YES_ERROR;
				CLANG_WARN_EMPTY_BODY = YES;
				CLANG_WARN_ENUM_CONVERSION = YES;
				CLANG_WARN_INT_CONVERSION = YES;
				CLANG_WARN_OBJC_ROOT_CLASS = YES_ERROR;
				CLANG_WARN__DUPLICATE_METHOD_MATCH = YES;
				"CODE_SIGN_IDENTITY[sdk=iphoneos*]" = "iPhone Developer";
				COPY_PHASE_STRIP = NO;
				GCC_C_LANGUAGE_STANDARD = gnu99;
				GCC_DYNAMIC_NO_PIC = NO;
				GCC_OPTIMIZATION_LEVEL = 0;
				GCC_PREPROCESSOR_DEFINITIONS = (
					"DEBUG=1",
					"$(inherited)",
				);
				GCC_SYMBOLS_PRIVATE_EXTERN = NO;
				GCC_WARN_64_TO_32_BIT_CONVERSION = YES;
				GCC_WARN_ABOUT_RETURN_TYPE = YES_ERROR;
				GCC_WARN_UNDECLARED_SELECTOR = YES;
				GCC_WARN_UNINITIALIZED_AUTOS = YES_AGGRESSIVE;
				GCC_WARN_UNUSED_FUNCTION = YES;
				GCC_WARN_UNUSED_VARIABLE = YES;
				IPHONEOS_DEPLOYMENT_TARGET = 7.1;
				ONLY_ACTIVE_ARCH = YES;
				SDKROOT = iphoneos;
				TARGETED_DEVICE_FAMILY = "1,2";
			};
			name = Debug;
		};
		1F6A759E19A23EE70002214F /* Release */ = {
			isa = XCBuildConfiguration;
			buildSettings = {
				ALWAYS_SEARCH_USER_PATHS = NO;
				CLANG_CXX_LANGUAGE_STANDARD = "gnu++0x";
				CLANG_CXX_LIBRARY = "libc++";
				CLANG_ENABLE_MODULES = YES;
				CLANG_ENABLE_OBJC_ARC = YES;
				CLANG_WARN_BOOL_CONVERSION = YES;
				CLANG_WARN_CONSTANT_CONVERSION = YES;
				CLANG_WARN_DIRECT_OBJC_ISA_USAGE = YES_ERROR;
				CLANG_WARN_EMPTY_BODY = YES;
				CLANG_WARN_ENUM_CONVERSION = YES;
				CLANG_WARN_INT_CONVERSION = YES;
				CLANG_WARN_OBJC_ROOT_CLASS = YES_ERROR;
				CLANG_WARN__DUPLICATE_METHOD_MATCH = YES;
				"CODE_SIGN_IDENTITY[sdk=iphoneos*]" = "iPhone Developer";
				COPY_PHASE_STRIP = YES;
				ENABLE_NS_ASSERTIONS = NO;
				GCC_C_LANGUAGE_STANDARD = gnu99;
				GCC_WARN_64_TO_32_BIT_CONVERSION = YES;
				GCC_WARN_ABOUT_RETURN_TYPE = YES_ERROR;
				GCC_WARN_UNDECLARED_SELECTOR = YES;
				GCC_WARN_UNINITIALIZED_AUTOS = YES_AGGRESSIVE;
				GCC_WARN_UNUSED_FUNCTION = YES;
				GCC_WARN_UNUSED_VARIABLE = YES;
				IPHONEOS_DEPLOYMENT_TARGET = 7.1;
				SDKROOT = iphoneos;
				TARGETED_DEVICE_FAMILY = "1,2";
				VALIDATE_PRODUCT = YES;
			};
			name = Release;
		};
		1F6A75A019A23EE70002214F /* Debug */ = {
			isa = XCBuildConfiguration;
			buildSettings = {
				ASSETCATALOG_COMPILER_APPICON_NAME = AppIcon;
				ASSETCATALOG_COMPILER_LAUNCHIMAGE_NAME = LaunchImage;
				CODE_SIGN_IDENTITY = "iPhone Developer";
				FRAMEWORK_SEARCH_PATHS = (
					"$(inherited)",
					/Users/Jeff/Documents/Development/ChaiOne/ContextHub/Samples/awareness,
					"$(PROJECT_DIR)",
				);
				GCC_PRECOMPILE_PREFIX_HEADER = YES;
				GCC_PREFIX_HEADER = "Awareness/Awareness-Prefix.pch";
				INFOPLIST_FILE = "Awareness/Awareness-Info.plist";
				PRODUCT_NAME = "$(TARGET_NAME)";
				WRAPPER_EXTENSION = app;
			};
			name = Debug;
		};
		1F6A75A119A23EE70002214F /* Release */ = {
			isa = XCBuildConfiguration;
			buildSettings = {
				ASSETCATALOG_COMPILER_APPICON_NAME = AppIcon;
				ASSETCATALOG_COMPILER_LAUNCHIMAGE_NAME = LaunchImage;
				CODE_SIGN_IDENTITY = "iPhone Developer";
				FRAMEWORK_SEARCH_PATHS = (
					"$(inherited)",
					/Users/Jeff/Documents/Development/ChaiOne/ContextHub/Samples/awareness,
					"$(PROJECT_DIR)",
				);
				GCC_PRECOMPILE_PREFIX_HEADER = YES;
				GCC_PREFIX_HEADER = "Awareness/Awareness-Prefix.pch";
				INFOPLIST_FILE = "Awareness/Awareness-Info.plist";
				PRODUCT_NAME = "$(TARGET_NAME)";
				WRAPPER_EXTENSION = app;
			};
			name = Release;
		};
		1F6A75A319A23EE70002214F /* Debug */ = {
			isa = XCBuildConfiguration;
			buildSettings = {
				BUNDLE_LOADER = "$(BUILT_PRODUCTS_DIR)/Awareness.app/Awareness";
				FRAMEWORK_SEARCH_PATHS = (
					"$(SDKROOT)/Developer/Library/Frameworks",
					"$(inherited)",
					"$(DEVELOPER_FRAMEWORKS_DIR)",
				);
				GCC_PRECOMPILE_PREFIX_HEADER = YES;
				GCC_PREFIX_HEADER = "Awareness/Awareness-Prefix.pch";
				GCC_PREPROCESSOR_DEFINITIONS = (
					"DEBUG=1",
					"$(inherited)",
				);
				INFOPLIST_FILE = "AwarenessTests/AwarenessTests-Info.plist";
				PRODUCT_NAME = "$(TARGET_NAME)";
				TEST_HOST = "$(BUNDLE_LOADER)";
				WRAPPER_EXTENSION = xctest;
			};
			name = Debug;
		};
		1F6A75A419A23EE70002214F /* Release */ = {
			isa = XCBuildConfiguration;
			buildSettings = {
				BUNDLE_LOADER = "$(BUILT_PRODUCTS_DIR)/Awareness.app/Awareness";
				FRAMEWORK_SEARCH_PATHS = (
					"$(SDKROOT)/Developer/Library/Frameworks",
					"$(inherited)",
					"$(DEVELOPER_FRAMEWORKS_DIR)",
				);
				GCC_PRECOMPILE_PREFIX_HEADER = YES;
				GCC_PREFIX_HEADER = "Awareness/Awareness-Prefix.pch";
				INFOPLIST_FILE = "AwarenessTests/AwarenessTests-Info.plist";
				PRODUCT_NAME = "$(TARGET_NAME)";
				TEST_HOST = "$(BUNDLE_LOADER)";
				WRAPPER_EXTENSION = xctest;
			};
			name = Release;
		};
/* End XCBuildConfiguration section */

/* Begin XCConfigurationList section */
		1F6A756E19A23EE60002214F /* Build configuration list for PBXProject "Awareness" */ = {
			isa = XCConfigurationList;
			buildConfigurations = (
				1F6A759D19A23EE70002214F /* Debug */,
				1F6A759E19A23EE70002214F /* Release */,
			);
			defaultConfigurationIsVisible = 0;
			defaultConfigurationName = Release;
		};
		1F6A759F19A23EE70002214F /* Build configuration list for PBXNativeTarget "Awareness" */ = {
			isa = XCConfigurationList;
			buildConfigurations = (
				1F6A75A019A23EE70002214F /* Debug */,
				1F6A75A119A23EE70002214F /* Release */,
			);
			defaultConfigurationIsVisible = 0;
			defaultConfigurationName = Release;
		};
		1F6A75A219A23EE70002214F /* Build configuration list for PBXNativeTarget "AwarenessTests" */ = {
			isa = XCConfigurationList;
			buildConfigurations = (
				1F6A75A319A23EE70002214F /* Debug */,
				1F6A75A419A23EE70002214F /* Release */,
			);
			defaultConfigurationIsVisible = 0;
			defaultConfigurationName = Release;
		};
/* End XCConfigurationList section */
	};
	rootObject = 1F6A756B19A23EE60002214F /* Project object */;
}
